#MicroXplorer Configuration settings - do not modify
ADC1.Channel-10\#ChannelRegularConversion=ADC_CHANNEL_TEMPSENSOR
ADC1.Channel-6\#ChannelRegularConversion=ADC_CHANNEL_1
ADC1.Channel-7\#ChannelRegularConversion=ADC_CHANNEL_2
ADC1.Channel-8\#ChannelRegularConversion=ADC_CHANNEL_4
ADC1.Channel-9\#ChannelRegularConversion=ADC_CHANNEL_5
ADC1.ClockPrescaler=ADC_CLOCK_ASYNC_DIV4
ADC1.ContinuousConvMode=ENABLE
ADC1.DMAContinuousRequests=ENABLE
ADC1.DiscontinuousConvMode=DISABLE
ADC1.EOCSelection=ADC_EOC_SEQ_CONV
ADC1.IPParameters=Rank-6\#ChannelRegularConversion,Channel-6\#ChannelRegularConversion,SamplingTime-6\#ChannelRegularConversion,OffsetNumber-6\#ChannelRegularConversion,NbrOfConversionFlag,Rank-7\#ChannelRegularConversion,Channel-7\#ChannelRegularConversion,SamplingTime-7\#ChannelRegularConversion,OffsetNumber-7\#ChannelRegularConversion,Rank-8\#ChannelRegularConversion,Channel-8\#ChannelRegularConversion,SamplingTime-8\#ChannelRegularConversion,OffsetNumber-8\#ChannelRegularConversion,Rank-9\#ChannelRegularConversion,Channel-9\#ChannelRegularConversion,SamplingTime-9\#ChannelRegularConversion,OffsetNumber-9\#ChannelRegularConversion,NbrOfConversion,ContinuousConvMode,EOCSelection,ClockPrescaler,Rank-10\#ChannelRegularConversion,Channel-10\#ChannelRegularConversion,SamplingTime-10\#ChannelRegularConversion,OffsetNumber-10\#ChannelRegularConversion,DMAContinuousRequests,Overrun,DiscontinuousConvMode,master
ADC1.NbrOfConversion=5
ADC1.NbrOfConversionFlag=1
ADC1.OffsetNumber-10\#ChannelRegularConversion=ADC_OFFSET_NONE
ADC1.OffsetNumber-6\#ChannelRegularConversion=ADC_OFFSET_NONE
ADC1.OffsetNumber-7\#ChannelRegularConversion=ADC_OFFSET_NONE
ADC1.OffsetNumber-8\#ChannelRegularConversion=ADC_OFFSET_NONE
ADC1.OffsetNumber-9\#ChannelRegularConversion=ADC_OFFSET_NONE
ADC1.Overrun=ADC_OVR_DATA_OVERWRITTEN
ADC1.Rank-10\#ChannelRegularConversion=5
ADC1.Rank-6\#ChannelRegularConversion=1
ADC1.Rank-7\#ChannelRegularConversion=2
ADC1.Rank-8\#ChannelRegularConversion=3
ADC1.Rank-9\#ChannelRegularConversion=4
ADC1.SamplingTime-10\#ChannelRegularConversion=ADC_SAMPLETIME_92CYCLES_5
ADC1.SamplingTime-6\#ChannelRegularConversion=ADC_SAMPLETIME_92CYCLES_5
ADC1.SamplingTime-7\#ChannelRegularConversion=ADC_SAMPLETIME_92CYCLES_5
ADC1.SamplingTime-8\#ChannelRegularConversion=ADC_SAMPLETIME_92CYCLES_5
ADC1.SamplingTime-9\#ChannelRegularConversion=ADC_SAMPLETIME_92CYCLES_5
ADC1.master=1
Dma.ADC1.0.Channel_PRIV_NPRIV=DMA_CHANNEL_NPRIV_DISABLE
Dma.ADC1.0.Direction=DMA_PERIPH_TO_MEMORY
Dma.ADC1.0.EventEnable=DISABLE
Dma.ADC1.0.Instance=DMA1_Channel1
Dma.ADC1.0.MemDataAlignment=DMA_MDATAALIGN_WORD
Dma.ADC1.0.MemInc=DMA_MINC_ENABLE
Dma.ADC1.0.Mode=DMA_CIRCULAR
Dma.ADC1.0.PeriphDataAlignment=DMA_PDATAALIGN_WORD
Dma.ADC1.0.PeriphInc=DMA_PINC_DISABLE
Dma.ADC1.0.Polarity=HAL_DMAMUX_REQ_GEN_RISING
Dma.ADC1.0.Priority=DMA_PRIORITY_LOW
Dma.ADC1.0.RequestNumber=1
Dma.ADC1.0.RequestParameters=Instance,Direction,PeriphInc,MemInc,PeriphDataAlignment,MemDataAlignment,Mode,Priority,SignalID,Polarity,RequestNumber,SyncSignalID,SyncPolarity,SyncEnable,EventEnable,SyncRequestNumber,Channel_PRIV_NPRIV
Dma.ADC1.0.SignalID=NONE
Dma.ADC1.0.SyncEnable=DISABLE
Dma.ADC1.0.SyncPolarity=HAL_DMAMUX_SYNC_NO_EVENT
Dma.ADC1.0.SyncRequestNumber=1
Dma.ADC1.0.SyncSignalID=NONE
Dma.Request0=ADC1
Dma.RequestsNb=1
FDCAN1.ClockDivider=FDCAN_CLOCK_DIV1
FDCAN1.DataPrescaler=5
FDCAN1.DataSyncJumpWidth=16
FDCAN1.DataTimeSeg1=11
FDCAN1.DataTimeSeg2=4
FDCAN1.IPParameters=ClockDivider,NominalPrescaler,NominalTimeSeg1,NominalSyncJumpWidth,DataPrescaler,DataSyncJumpWidth,DataTimeSeg1,NominalTimeSeg2,DataTimeSeg2
FDCAN1.NominalPrescaler=2
FDCAN1.NominalSyncJumpWidth=55
FDCAN1.NominalTimeSeg1=40
FDCAN1.NominalTimeSeg2=14
FREERTOS.IPParameters=Tasks01
FREERTOS.Tasks01=defaultTask,24,128,StartDefaultTask,Default,NULL,Dynamic,NULL,NULL
File.Version=6
KeepUserPlacement=false
Mcu.ContextProject=TrustZoneDisabled
Mcu.Family=STM32L5
Mcu.IP0=ADC1
Mcu.IP1=DEBUG
Mcu.IP10=SYS
Mcu.IP11=TIM3
Mcu.IP12=USART3
Mcu.IP2=DMA
Mcu.IP3=FDCAN1
Mcu.IP4=FREERTOS
Mcu.IP5=NVIC
Mcu.IP6=PWR
Mcu.IP7=RCC
Mcu.IP8=RTC
Mcu.IP9=SPI3
Mcu.IPNb=13
Mcu.Name=STM32L552Z(C-E)TxQ
Mcu.Package=LQFP144
Mcu.Pin0=PE3
Mcu.Pin1=PE4
Mcu.Pin10=PC3
Mcu.Pin11=PA0
Mcu.Pin12=PA1
Mcu.Pin13=PA3
Mcu.Pin14=PA5
Mcu.Pin15=PB14
Mcu.Pin16=PD8
Mcu.Pin17=PD9
Mcu.Pin18=PC7
Mcu.Pin19=PA9
Mcu.Pin2=PE5
Mcu.Pin20=PA11
Mcu.Pin21=PA13 (JTMS/SWDIO)
Mcu.Pin22=PA14 (JTCK/SWCLK)
Mcu.Pin23=PC10
Mcu.Pin24=PC12
Mcu.Pin25=PD0
Mcu.Pin26=PD1
Mcu.Pin27=PB3 (JTDO/TRACESWO)
Mcu.Pin28=PB5
Mcu.Pin29=PB7
Mcu.Pin3=PE6
Mcu.Pin30=VP_ADC1_TempSens_Input
Mcu.Pin31=VP_FREERTOS_VS_CMSIS_V2
Mcu.Pin32=VP_PWR_VS_DBSignals
Mcu.Pin33=VP_PWR_VS_SECSignals
Mcu.Pin34=VP_RTC_VS_RTC_Activate
Mcu.Pin35=VP_SYS_VS_Systick
Mcu.Pin36=VP_TIM3_VS_ClockSourceINT
Mcu.Pin4=PC13
Mcu.Pin5=PC14-OSC32_IN (PC14)
Mcu.Pin6=PC15-OSC32_OUT (PC15)
Mcu.Pin7=PC0
Mcu.Pin8=PC1
Mcu.Pin9=PC2
Mcu.PinsNb=37
Mcu.ThirdPartyNb=0
Mcu.TrustZone=disable
Mcu.UserConstants=TIM3_MAX_DUTY,11000
Mcu.UserName=STM32L552ZETxQ
MxCube.Version=6.3.0
MxDb.Version=DB.6.0.30
NVIC.BusFault_IRQn=true\:0\:0\:false\:false\:true\:false\:false\:false
NVIC.DMA1_Channel1_IRQn=true\:5\:0\:false\:false\:true\:true\:false\:true
NVIC.DebugMonitor_IRQn=true\:0\:0\:false\:false\:true\:false\:false\:false
NVIC.FDCAN1_IT0_IRQn=true\:5\:0\:false\:false\:true\:true\:true\:true
NVIC.FDCAN1_IT1_IRQn=true\:5\:0\:false\:false\:true\:true\:true\:true
NVIC.ForceEnableDMAVector=true
NVIC.HardFault_IRQn=true\:0\:0\:false\:false\:true\:false\:false\:false
NVIC.MemoryManagement_IRQn=true\:0\:0\:false\:false\:true\:false\:false\:false
NVIC.NonMaskableInt_IRQn=true\:0\:0\:false\:false\:true\:false\:false\:false
NVIC.PendSV_IRQn=true\:7\:0\:false\:false\:false\:true\:false\:false
NVIC.PriorityGroup=NVIC_PRIORITYGROUP_3
NVIC.SVCall_IRQn=true\:0\:0\:false\:false\:false\:false\:false\:false
NVIC.SavedPendsvIrqHandlerGenerated=true
NVIC.SavedSvcallIrqHandlerGenerated=true
NVIC.SavedSystickIrqHandlerGenerated=true
NVIC.SysTick_IRQn=true\:7\:0\:false\:false\:false\:true\:false\:true
NVIC.USART3_IRQn=true\:5\:0\:false\:false\:true\:true\:true\:true
NVIC.UsageFault_IRQn=true\:0\:0\:false\:false\:true\:false\:false\:false
PA0.Locked=true
PA0.Signal=ADCx_IN5
PA1.Locked=true
PA1.Signal=ADCx_IN6
PA11.Locked=true
PA11.Signal=USB_DM
PA13\ (JTMS/SWDIO).Locked=true
PA13\ (JTMS/SWDIO).Mode=Trace_Asynchronous_SW
PA13\ (JTMS/SWDIO).Signal=DEBUG_JTMS-SWDIO
PA14\ (JTCK/SWCLK).Locked=true
PA14\ (JTCK/SWCLK).Mode=Trace_Asynchronous_SW
PA14\ (JTCK/SWCLK).Signal=DEBUG_JTCK-SWCLK
PA3.Locked=true
PA3.Signal=ADCx_IN8
PA5.Locked=true
PA5.Signal=S_TIM2_CH1
PA9.GPIOParameters=GPIO_Label
PA9.GPIO_Label=LED_RED
PA9.Locked=true
PA9.Signal=GPIO_Output
PB14.GPIOParameters=GPIO_Label
PB14.GPIO_Label=UCPD_FLT
PB14.Locked=true
PB14.Signal=GPXTI14
PB3\ (JTDO/TRACESWO).Locked=true
PB3\ (JTDO/TRACESWO).Mode=Trace_Asynchronous_SW
PB3\ (JTDO/TRACESWO).Signal=DEBUG_JTDO-SWO
PB5.GPIOParameters=GPIO_Label
PB5.GPIO_Label=UCPD_DBN
PB5.Locked=true
PB5.Signal=GPIO_Output
PB7.GPIOParameters=GPIO_Label
PB7.GPIO_Label=LED_BLUE
PB7.Locked=true
PB7.Signal=GPIO_Output
PC0.Signal=ADCx_IN1
PC1.Signal=ADCx_IN2
PC10.Mode=TX_Only_Simplex_Unidirect_Master
PC10.Signal=SPI3_SCK
PC12.Mode=TX_Only_Simplex_Unidirect_Master
PC12.Signal=SPI3_MOSI
PC13.GPIOParameters=GPIO_Label
PC13.GPIO_Label=USER_BUTTON
PC13.Locked=true
PC13.Mode=WakeUp1
PC13.Signal=PWR_WKUP2
PC14-OSC32_IN\ (PC14).Locked=true
PC14-OSC32_IN\ (PC14).Mode=LSE-External-Oscillator
PC14-OSC32_IN\ (PC14).Signal=RCC_OSC32_IN
PC15-OSC32_OUT\ (PC15).Locked=true
PC15-OSC32_OUT\ (PC15).Mode=LSE-External-Oscillator
PC15-OSC32_OUT\ (PC15).Signal=RCC_OSC32_OUT
PC2.Locked=true
PC2.Signal=ADCx_IN3
PC3.Signal=ADCx_IN4
PC7.GPIOParameters=GPIO_Label
PC7.GPIO_Label=LED_GREEN
PC7.Locked=true
PC7.Signal=GPIO_Output
PD0.Locked=true
PD0.Mode=FDCAN_Activate
PD0.Signal=FDCAN1_RX
PD1.Locked=true
PD1.Mode=FDCAN_Activate
PD1.Signal=FDCAN1_TX
PD8.Locked=true
PD8.Mode=Asynchronous
PD8.Signal=USART3_TX
PD9.Locked=true
PD9.Mode=Asynchronous
PD9.Signal=USART3_RX
PE3.Locked=true
PE3.Signal=S_TIM3_CH1
PE4.Locked=true
PE4.Signal=S_TIM3_CH2
PE5.Locked=true
PE5.Signal=S_TIM3_CH3
PE6.Locked=true
PE6.Signal=S_TIM3_CH4
PinOutPanel.RotationAngle=0
ProjectManager.AskForMigrate=true
ProjectManager.BackupPrevious=false
ProjectManager.CompilerOptimize=6
ProjectManager.ComputerToolchain=false
ProjectManager.CoupleFile=false
ProjectManager.CustomerFirmwarePackage=
ProjectManager.DefaultFWLocation=true
ProjectManager.DeletePrevious=true
ProjectManager.DeviceId=STM32L552ZETxQ
ProjectManager.FirmwarePackage=STM32Cube FW_L5 V1.4.0
ProjectManager.FreePins=false
ProjectManager.HalAssertFull=false
ProjectManager.HeapSize=0x200
ProjectManager.KeepUserCode=true
ProjectManager.LastFirmware=true
ProjectManager.LibraryCopy=1
ProjectManager.MainLocation=Src
ProjectManager.NoMain=false
ProjectManager.PreviousToolchain=STM32CubeIDE
ProjectManager.ProjectBuild=false
ProjectManager.ProjectFileName=kart.ioc
ProjectManager.ProjectName=kart
ProjectManager.RegisterCallBack=
ProjectManager.StackSize=0x400
ProjectManager.TargetToolchain=EWARM V8.32
ProjectManager.ToolChainLocation=
ProjectManager.UnderRoot=false
ProjectManager.functionlistsort=1-MX_GPIO_Init-GPIO-false-HAL-true,2-SystemClock_Config-RCC-false-HAL-false,3-MX_ADC1_Init-ADC1-false-HAL-true,4-MX_RTC_Init-RTC-false-HAL-true,5-MX_SPI3_Init-SPI3-false-HAL-true,6-MX_DMA_Init-DMA-false-HAL-true,7-MX_TIM3_Init-TIM3-false-HAL-true,8-MX_FDCAN1_Init-FDCAN1-false-HAL-true,9-MX_USART3_UART_Init-USART3-false-HAL-true,0-MX_PWR_Init-PWR-false-HAL-true
RCC.ADCCLockSelection=RCC_ADCCLKSOURCE_SYSCLK
RCC.ADCFreq_Value=110000000
RCC.AHBFreq_Value=110000000
RCC.APB1Freq_Value=110000000
RCC.APB1TimFreq_Value=110000000
RCC.APB2Freq_Value=110000000
RCC.APB2TimFreq_Value=110000000
RCC.CK48CLockSelection=RCC_USBCLKSOURCE_HSI48
RCC.CRSFreq_Value=48000000
RCC.CortexFreq_Value=110000000
RCC.DFSDMAudioFreq_Value=4000000
RCC.DFSDMFreq_Value=110000000
RCC.FCLKCortexFreq_Value=110000000
RCC.FDCANFreq_Value=110000000
RCC.FamilyName=M
RCC.HCLKFreq_Value=110000000
RCC.HSE_VALUE=8000000
RCC.HSI48_VALUE=48000000
RCC.HSI_VALUE=16000000
RCC.I2C1Freq_Value=110000000
RCC.I2C2Freq_Value=110000000
RCC.I2C3Freq_Value=110000000
RCC.I2C4Freq_Value=110000000
RCC.IPParameters=ADCCLockSelection,ADCFreq_Value,AHBFreq_Value,APB1Freq_Value,APB1TimFreq_Value,APB2Freq_Value,APB2TimFreq_Value,CK48CLockSelection,CRSFreq_Value,CortexFreq_Value,DFSDMAudioFreq_Value,DFSDMFreq_Value,FCLKCortexFreq_Value,FDCANFreq_Value,FamilyName,HCLKFreq_Value,HSE_VALUE,HSI48_VALUE,HSI_VALUE,I2C1Freq_Value,I2C2Freq_Value,I2C3Freq_Value,I2C4Freq_Value,LPTIM1Freq_Value,LPTIM2Freq_Value,LPTIM3Freq_Value,LPUART1Freq_Value,LSCOPinFreq_Value,LSI_VALUE,MCO1PinFreq_Value,MSI_VALUE,OCTOSPIMFreq_Value,PLLM,PLLN,PLLPoutputFreq_Value,PLLQoutputFreq_Value,PLLRCLKFreq_Value,PLLSAI1N,PLLSAI1PoutputFreq_Value,PLLSAI1QoutputFreq_Value,PLLSAI1RoutputFreq_Value,PLLSAI1Source,PLLSAI2PoutputFreq_Value,PLLSAI2Source,PLLSourceVirtual,PWRFreq_Value,RNGFreq_Value,RTCClockSelection,RTCFreq_Value,SAI1Freq_Value,SAI2Freq_Value,SDMMCFreq_Value,SYSCLKFreq_VALUE,SYSCLKSource,UART4Freq_Value,UART5Freq_Value,USART1Freq_Value,USART2Freq_Value,USART3Freq_Value,USBFreq_Value,VCOInput2Freq_Value,VCOInput3Freq_Value,VCOInputFreq_Value,VCOOutputFreq_Value,VCOSAI1OutputFreq_Value,VCOSAI2OutputFreq_Value
RCC.LPTIM1Freq_Value=110000000
RCC.LPTIM2Freq_Value=110000000
RCC.LPTIM3Freq_Value=110000000
RCC.LPUART1Freq_Value=110000000
RCC.LSCOPinFreq_Value=32000
RCC.LSI_VALUE=32000
RCC.MCO1PinFreq_Value=110000000
RCC.MSI_VALUE=4000000
RCC.OCTOSPIMFreq_Value=110000000
RCC.PLLM=4
RCC.PLLN=55
RCC.PLLPoutputFreq_Value=31428571.42857143
RCC.PLLQoutputFreq_Value=110000000
RCC.PLLRCLKFreq_Value=110000000
RCC.PLLSAI1N=24
RCC.PLLSAI1PoutputFreq_Value=54857142.85714286
RCC.PLLSAI1QoutputFreq_Value=192000000
RCC.PLLSAI1RoutputFreq_Value=192000000
RCC.PLLSAI1Source=RCC_PLLSAI1SOURCE_HSI
RCC.PLLSAI2PoutputFreq_Value=18285714.285714287
RCC.PLLSAI2Source=RCC_PLLSAI2SOURCE_HSI
RCC.PLLSourceVirtual=RCC_PLLSOURCE_HSI
RCC.PWRFreq_Value=110000000
RCC.RNGFreq_Value=48000000
RCC.RTCClockSelection=RCC_RTCCLKSOURCE_LSE
RCC.RTCFreq_Value=32768
RCC.SAI1Freq_Value=54857142.85714286
RCC.SAI2Freq_Value=54857142.85714286
RCC.SDMMCFreq_Value=31428571.42857143
RCC.SYSCLKFreq_VALUE=110000000
RCC.SYSCLKSource=RCC_SYSCLKSOURCE_PLLCLK
RCC.UART4Freq_Value=110000000
RCC.UART5Freq_Value=110000000
RCC.USART1Freq_Value=110000000
RCC.USART2Freq_Value=110000000
RCC.USART3Freq_Value=110000000
RCC.USBFreq_Value=48000000
RCC.VCOInput2Freq_Value=16000000
RCC.VCOInput3Freq_Value=16000000
RCC.VCOInputFreq_Value=4000000
RCC.VCOOutputFreq_Value=220000000
RCC.VCOSAI1OutputFreq_Value=384000000
RCC.VCOSAI2OutputFreq_Value=128000000
SH.ADCx_IN1.0=ADC1_IN1,IN1-Single-Ended
SH.ADCx_IN1.ConfNb=1
SH.ADCx_IN2.0=ADC1_IN2,IN2-Single-Ended
SH.ADCx_IN2.ConfNb=1
SH.ADCx_IN3.0=ADC1_IN3
SH.ADCx_IN3.ConfNb=1
SH.ADCx_IN4.0=ADC1_IN4,IN4-Single-Ended
SH.ADCx_IN4.ConfNb=1
SH.ADCx_IN5.0=ADC1_IN5,IN5-Single-Ended
SH.ADCx_IN5.ConfNb=1
SH.ADCx_IN6.0=ADC1_IN6
SH.ADCx_IN6.ConfNb=1
SH.ADCx_IN8.0=ADC1_IN8
SH.ADCx_IN8.ConfNb=1
SH.GPXTI14.0=GPIO_EXTI14
SH.GPXTI14.ConfNb=1
SH.S_TIM2_CH1.0=TIM2_CH1
SH.S_TIM2_CH1.ConfNb=1
SH.S_TIM3_CH1.0=TIM3_CH1,PWM Generation1 CH1
SH.S_TIM3_CH1.ConfNb=1
SH.S_TIM3_CH2.0=TIM3_CH2,PWM Generation2 CH2
SH.S_TIM3_CH2.ConfNb=1
SH.S_TIM3_CH3.0=TIM3_CH3,PWM Generation3 CH3
SH.S_TIM3_CH3.ConfNb=1
SH.S_TIM3_CH4.0=TIM3_CH4,PWM Generation4 CH4
SH.S_TIM3_CH4.ConfNb=1
SPI3.BaudRatePrescaler=SPI_BAUDRATEPRESCALER_4
SPI3.CalculateBaudRate=27.5 MBits/s
SPI3.Direction=SPI_DIRECTION_2LINES
SPI3.IPParameters=VirtualType,Mode,Direction,BaudRatePrescaler,CalculateBaudRate
SPI3.Mode=SPI_MODE_MASTER
SPI3.VirtualType=VM_MASTER
TIM3.AutoReloadPreload=TIM_AUTORELOAD_PRELOAD_DISABLE
TIM3.Channel-PWM\ Generation1\ CH1=TIM_CHANNEL_1
TIM3.Channel-PWM\ Generation2\ CH2=TIM_CHANNEL_2
TIM3.Channel-PWM\ Generation3\ CH3=TIM_CHANNEL_3
TIM3.Channel-PWM\ Generation4\ CH4=TIM_CHANNEL_4
TIM3.IPParameters=Channel-PWM Generation1 CH1,Channel-PWM Generation2 CH2,Channel-PWM Generation3 CH3,Channel-PWM Generation4 CH4,Prescaler,Pulse-PWM Generation1 CH1,Period,Pulse-PWM Generation2 CH2,Pulse-PWM Generation3 CH3,Pulse-PWM Generation4 CH4,AutoReloadPreload,OCPolarity_1,OCPolarity_2,OCPolarity_3,OCPolarity_4
TIM3.OCPolarity_1=TIM_OCPOLARITY_HIGH
TIM3.OCPolarity_2=TIM_OCPOLARITY_HIGH
TIM3.OCPolarity_3=TIM_OCPOLARITY_HIGH
TIM3.OCPolarity_4=TIM_OCPOLARITY_HIGH
TIM3.Period=TIM3_MAX_DUTY
TIM3.Prescaler=0
TIM3.Pulse-PWM\ Generation1\ CH1=TIM3_MAX_DUTY/2
TIM3.Pulse-PWM\ Generation2\ CH2=TIM3_MAX_DUTY/2
TIM3.Pulse-PWM\ Generation3\ CH3=TIM3_MAX_DUTY/2
TIM3.Pulse-PWM\ Generation4\ CH4=TIM3_MAX_DUTY/2
USART3.BaudRate=115200
USART3.FIFOMode=FIFOMODE_DISABLE
USART3.IPParameters=VirtualMode-Asynchronous,BaudRate,FIFOMode
USART3.VirtualMode-Asynchronous=VM_ASYNC
VP_ADC1_TempSens_Input.Mode=IN-TempSens
VP_ADC1_TempSens_Input.Signal=ADC1_TempSens_Input
VP_FREERTOS_VS_CMSIS_V2.Mode=CMSIS_V2
VP_FREERTOS_VS_CMSIS_V2.Signal=FREERTOS_VS_CMSIS_V2
VP_PWR_VS_DBSignals.Mode=DisableDeadBatterySignals
VP_PWR_VS_DBSignals.Signal=PWR_VS_DBSignals
VP_PWR_VS_SECSignals.Mode=Security/Privilege
VP_PWR_VS_SECSignals.Signal=PWR_VS_SECSignals
VP_RTC_VS_RTC_Activate.Mode=RTC_Enabled
VP_RTC_VS_RTC_Activate.Signal=RTC_VS_RTC_Activate
VP_SYS_VS_Systick.Mode=SysTick
VP_SYS_VS_Systick.Signal=SYS_VS_Systick
VP_TIM3_VS_ClockSourceINT.Mode=Internal
VP_TIM3_VS_ClockSourceINT.Signal=TIM3_VS_ClockSourceINT
board=NUCLEO-L552ZE-Q
boardIOC=true
